
Microsoft Visual Studio Solution File, Format Version 12.00
# Visual Studio Version 16
VisualStudioVersion = 16.0.31515.178
MinimumVisualStudioVersion = 10.0.40219.1
Project("{FAE04EC0-301F-11D3-BF4B-00C04F79EFBC}") = "WhileThangNam", "WhileThangNam\WhileThangNam.csproj", "{279B6C0C-B5FC-4241-8015-F1BD5183726B}"
EndProject
Global
	GlobalSection(SolutionConfigurationPlatforms) = preSolution
		Debug|Any CPU = Debug|Any CPU
		Release|Any CPU = Release|Any CPU
	EndGlobalSection
	GlobalSection(ProjectConfigurationPlatforms) = postSolution
		{279B6C0C-B5FC-4241-8015-F1BD5183726B}.Debug|Any CPU.ActiveCfg = Debug|Any CPU
		{279B6C0C-B5FC-4241-8015-F1BD5183726B}.Debug|Any CPU.Build.0 = Debug|Any CPU
		{279B6C0C-B5FC-4241-8015-F1BD5183726B}.Release|Any CPU.ActiveCfg = Release|Any CPU
		{279B6C0C-B5FC-4241-8015-F1BD5183726B}.Release|Any CPU.Build.0 = Release|Any CPU
	EndGlobalSection
	GlobalSection(SolutionProperties) = preSolution
		HideSolutionNode = FALSE
	EndGlobalSection
	GlobalSection(ExtensibilityGlobals) = postSolution
		SolutionGuid = {0BBE4160-BFBC-46E4-B66B-F120B46E7C07}
	EndGlobalSection
EndGlobal
